{
    "_meta": {
        "hash": {
            "sha256": "3ea3b465d40939232e74744e1794777b2fd15860b901f2912bf4d2c8091b31dc"
        },
        "pipfile-spec": 6,
        "requires": {
            "python_version": "3.11"
        },
        "sources": [
            {
                "name": "pypi",
                "url": "https://pypi.org/simple",
                "verify_ssl": true
            }
        ]
    },
    "default": {
        "asgiref": {
            "hashes": [
                "sha256:89b2ef2247e3b562a16eef663bc0e2e703ec6468e2fa8a5cd61cd449786d4f6e",
                "sha256:9e0ce3aa93a819ba5b45120216b23878cf6e8525eb3848653452b4192b92afed"
            ],
            "markers": "python_version >= '3.7'",
            "version": "==3.7.2"
        },
        "dj-database-url": {
            "hashes": [
                "sha256:04bc34b248d4c21aaa13e4ab419ae6575ef5f10f3df735ce7da97722caa356e0",
                "sha256:f2042cefe1086e539c9da39fad5ad7f61173bf79665e69bf7e4de55fa88b135f"
            ],
            "version": "==2.1.0"
        },
        "django": {
            "hashes": [
                "sha256:5e5c1c9548ffb7796b4a8a4782e9a2e5a3df3615259fc1bfd3ebc73b646146c1",
                "sha256:b6b2b5cae821077f137dc4dade696a1c2aa292f892eca28fa8d7bfdf2608ddd4"
            ],
            "index": "pypi",
            "markers": "python_version >= '3.8'",
            "version": "==4.2.5"
        },
        "django-heroku": {
            "hashes": [
                "sha256:2bc690aab89eedbe01311752320a9a12e7548e3b0ed102681acc5736a41a4762",
                "sha256:6af4bc3ae4a9b55eaad6dbe5164918982d2762661aebc9f83d9fa49f6009514e"
            ],
            "index": "pypi",
            "version": "==0.3.1"
        },
        "psycopg2": {
            "hashes": [
                "sha256:1a6a2d609bce44f78af4556bea0c62a5e7f05c23e5ea9c599e07678995609084",
                "sha256:44d93a0109dfdf22fe399b419bcd7fa589d86895d3931b01fb321d74dadc68f1",
                "sha256:8275abf628c6dc7ec834ea63f6f3846bf33518907a2b9b693d41fd063767a866",
                "sha256:91e81a8333a0037babfc9fe6d11e997a9d4dac0f38c43074886b0d9dead94fe9",
                "sha256:b22ed9c66da2589a664e0f1ca2465c29b75aaab36fa209d4fb916025fb9119e5",
                "sha256:b6bd7d9d3a7a63faae6edf365f0ed0e9b0a1aaf1da3ca146e6b043fb3eb5d723",
                "sha256:c7949770cafbd2f12cecc97dea410c514368908a103acf519f2a346134caa4d5",
                "sha256:d1210fcf99aae6f728812d1d2240afc1dc44b9e6cba526a06fb8134f969957c2",
                "sha256:d5c5297e2fbc8068d4255f1e606bfc9291f06f91ec31b2a0d4c536210ac5c0a2",
                "sha256:e9b04cbef584310a1ac0f0d55bb623ca3244c87c51187645432e342de9ae81a8",
                "sha256:f00cc35bd7119f1fed17b85bd1007855194dde2cbd8de01ab8ebb17487440ad8"
            ],
            "index": "pypi",
            "markers": "python_version >= '3.6'",
            "version": "==2.9.7"
        },
        "python-decouple": {
            "hashes": [
                "sha256:ba6e2657d4f376ecc46f77a3a615e058d93ba5e465c01bbe57289bfb7cce680f",
                "sha256:d0d45340815b25f4de59c974b855bb38d03151d81b037d9e3f463b0c9f8cbd66"
            ],
            "index": "pypi",
            "version": "==3.8"
        },
        "sqlparse": {
            "hashes": [
                "sha256:5430a4fe2ac7d0f93e66f1efc6e1338a41884b7ddf2a350cedd20ccc4d9d28f3",
                "sha256:d446183e84b8349fa3061f0fe7f06ca94ba65b426946ffebe6e3e8295332420c"
            ],
            "markers": "python_version >= '3.5'",
            "version": "==0.4.4"
        },
        "typing-extensions": {
            "hashes": [
                "sha256:440d5dd3af93b060174bf433bccd69b0babc3b15b1a8dca43789fd7f61514b36",
                "sha256:b75ddc264f0ba5615db7ba217daeb99701ad295353c45f9e95963337ceeeffb2"
            ],
            "markers": "python_version >= '3.7'",
            "version": "==4.7.1"
        },
        "tzdata": {
            "hashes": [
                "sha256:11ef1e08e54acb0d4f95bdb1be05da659673de4acbd21bf9c69e94cc5e907a3a",
                "sha256:7e65763eef3120314099b6939b5546db7adce1e7d6f2e179e3df563c70511eda"
            ],
            "markers": "sys_platform == 'win32'",
            "version": "==2023.3"
        },
        "whitenoise": {
            "hashes": [
                "sha256:15fe60546ac975b58e357ccaeb165a4ca2d0ab697e48450b8f0307ca368195a8",
                "sha256:16468e9ad2189f09f4a8c635a9031cc9bb2cdbc8e5e53365407acf99f7ade9ec"
            ],
            "markers": "python_version >= '3.7'",
            "version": "==6.5.0"
        }
    },
    "develop": {}
}
